
Microsoft Visual Studio Solution File, Format Version 12.00
# Visual Studio Version 17
VisualStudioVersion = 17.11.35327.3
MinimumVisualStudioVersion = 10.0.40219.1
Project("{FAE04EC0-301F-11D3-BF4B-00C04F79EFBC}") = "MeuPrimeiroProjeto", "MeuPrimeiroProjeto.csproj", "{B9E43173-BBF9-40F2-B70F-DB6A77DB2246}"
EndProject
Global
	GlobalSection(SolutionConfigurationPlatforms) = preSolution
		Debug|Any CPU = Debug|Any CPU
		Release|Any CPU = Release|Any CPU
	EndGlobalSection
	GlobalSection(ProjectConfigurationPlatforms) = postSolution
		{B9E43173-BBF9-40F2-B70F-DB6A77DB2246}.Debug|Any CPU.ActiveCfg = Debug|Any CPU
		{B9E43173-BBF9-40F2-B70F-DB6A77DB2246}.Debug|Any CPU.Build.0 = Debug|Any CPU
		{B9E43173-BBF9-40F2-B70F-DB6A77DB2246}.Release|Any CPU.ActiveCfg = Release|Any CPU
		{B9E43173-BBF9-40F2-B70F-DB6A77DB2246}.Release|Any CPU.Build.0 = Release|Any CPU
	EndGlobalSection
	GlobalSection(SolutionProperties) = preSolution
		HideSolutionNode = FALSE
	EndGlobalSection
	GlobalSection(ExtensibilityGlobals) = postSolution
		SolutionGuid = {97B2C58F-1DA7-4526-B361-E9F3475D3CC9}
	EndGlobalSection
EndGlobal
